
Microsoft Visual Studio Solution File, Format Version 12.00
# Visual Studio 15
Project("{FAE04EC0-301F-11D3-BF4B-00C04F79EFBC}") = "UniRx", "UniRx.csproj", "{B596B686-F2ED-260E-5359-EC85B29937DE}"
EndProject
Project("{FAE04EC0-301F-11D3-BF4B-00C04F79EFBC}") = "UniTask.Linq", "UniTask.Linq.csproj", "{12824D44-E4D6-8EA9-65F6-FEC00DA629A0}"
EndProject
Project("{FAE04EC0-301F-11D3-BF4B-00C04F79EFBC}") = "UniTask", "UniTask.csproj", "{00911E17-2828-BCCA-7CAB-CEDD55074C75}"
EndProject
Project("{FAE04EC0-301F-11D3-BF4B-00C04F79EFBC}") = "VContainer", "VContainer.csproj", "{97B899AE-F5B5-6102-4136-147986F95DD4}"
EndProject
Project("{FAE04EC0-301F-11D3-BF4B-00C04F79EFBC}") = "Assembly-CSharp", "Assembly-CSharp.csproj", "{48AE9637-50DA-018C-02B5-4BF5FC5BD27B}"
EndProject
Project("{FAE04EC0-301F-11D3-BF4B-00C04F79EFBC}") = "VContainer.EnableCodeGen", "VContainer.EnableCodeGen.csproj", "{05EA9642-C533-3830-970B-A785CBD8FB85}"
EndProject
Project("{FAE04EC0-301F-11D3-BF4B-00C04F79EFBC}") = "UniTask.Addressables", "UniTask.Addressables.csproj", "{49185C8C-C8E5-4321-0653-475B67E0D41D}"
EndProject
Project("{FAE04EC0-301F-11D3-BF4B-00C04F79EFBC}") = "Unity.VContainer.CodeGen", "Unity.VContainer.CodeGen.csproj", "{BDC004EB-5E1C-65D7-86AB-9A5B110ED242}"
EndProject
Project("{FAE04EC0-301F-11D3-BF4B-00C04F79EFBC}") = "UniTask.Editor", "UniTask.Editor.csproj", "{8A6EE22E-EF19-C97C-3CAF-70D201546435}"
EndProject
Project("{FAE04EC0-301F-11D3-BF4B-00C04F79EFBC}") = "UniTask.TextMeshPro", "UniTask.TextMeshPro.csproj", "{9403A0ED-BED8-852D-056F-49CE3B4C14C8}"
EndProject
Project("{FAE04EC0-301F-11D3-BF4B-00C04F79EFBC}") = "VContainer.Editor", "VContainer.Editor.csproj", "{145F7FAA-0E17-EDEA-2C52-C8477AFD7410}"
EndProject
Project("{FAE04EC0-301F-11D3-BF4B-00C04F79EFBC}") = "UniTask.DOTween", "UniTask.DOTween.csproj", "{E190F12F-E9CE-50F9-4FB2-6A4BC58A3372}"
EndProject
Global
	GlobalSection(SolutionConfigurationPlatforms) = preSolution
		Debug|Any CPU = Debug|Any CPU
		Release|Any CPU = Release|Any CPU
	EndGlobalSection
	GlobalSection(ProjectConfigurationPlatforms) = postSolution
		{B596B686-F2ED-260E-5359-EC85B29937DE}.Debug|Any CPU.ActiveCfg = Debug|Any CPU
		{B596B686-F2ED-260E-5359-EC85B29937DE}.Debug|Any CPU.Build.0 = Debug|Any CPU
		{B596B686-F2ED-260E-5359-EC85B29937DE}.Release|Any CPU.ActiveCfg = Release|Any CPU
		{B596B686-F2ED-260E-5359-EC85B29937DE}.Release|Any CPU.Build.0 = Release|Any CPU
		{12824D44-E4D6-8EA9-65F6-FEC00DA629A0}.Debug|Any CPU.ActiveCfg = Debug|Any CPU
		{12824D44-E4D6-8EA9-65F6-FEC00DA629A0}.Debug|Any CPU.Build.0 = Debug|Any CPU
		{12824D44-E4D6-8EA9-65F6-FEC00DA629A0}.Release|Any CPU.ActiveCfg = Release|Any CPU
		{12824D44-E4D6-8EA9-65F6-FEC00DA629A0}.Release|Any CPU.Build.0 = Release|Any CPU
		{00911E17-2828-BCCA-7CAB-CEDD55074C75}.Debug|Any CPU.ActiveCfg = Debug|Any CPU
		{00911E17-2828-BCCA-7CAB-CEDD55074C75}.Debug|Any CPU.Build.0 = Debug|Any CPU
		{00911E17-2828-BCCA-7CAB-CEDD55074C75}.Release|Any CPU.ActiveCfg = Release|Any CPU
		{00911E17-2828-BCCA-7CAB-CEDD55074C75}.Release|Any CPU.Build.0 = Release|Any CPU
		{97B899AE-F5B5-6102-4136-147986F95DD4}.Debug|Any CPU.ActiveCfg = Debug|Any CPU
		{97B899AE-F5B5-6102-4136-147986F95DD4}.Debug|Any CPU.Build.0 = Debug|Any CPU
		{97B899AE-F5B5-6102-4136-147986F95DD4}.Release|Any CPU.ActiveCfg = Release|Any CPU
		{97B899AE-F5B5-6102-4136-147986F95DD4}.Release|Any CPU.Build.0 = Release|Any CPU
		{48AE9637-50DA-018C-02B5-4BF5FC5BD27B}.Debug|Any CPU.ActiveCfg = Debug|Any CPU
		{48AE9637-50DA-018C-02B5-4BF5FC5BD27B}.Debug|Any CPU.Build.0 = Debug|Any CPU
		{48AE9637-50DA-018C-02B5-4BF5FC5BD27B}.Release|Any CPU.ActiveCfg = Release|Any CPU
		{48AE9637-50DA-018C-02B5-4BF5FC5BD27B}.Release|Any CPU.Build.0 = Release|Any CPU
		{05EA9642-C533-3830-970B-A785CBD8FB85}.Debug|Any CPU.ActiveCfg = Debug|Any CPU
		{05EA9642-C533-3830-970B-A785CBD8FB85}.Debug|Any CPU.Build.0 = Debug|Any CPU
		{05EA9642-C533-3830-970B-A785CBD8FB85}.Release|Any CPU.ActiveCfg = Release|Any CPU
		{05EA9642-C533-3830-970B-A785CBD8FB85}.Release|Any CPU.Build.0 = Release|Any CPU
		{49185C8C-C8E5-4321-0653-475B67E0D41D}.Debug|Any CPU.ActiveCfg = Debug|Any CPU
		{49185C8C-C8E5-4321-0653-475B67E0D41D}.Debug|Any CPU.Build.0 = Debug|Any CPU
		{49185C8C-C8E5-4321-0653-475B67E0D41D}.Release|Any CPU.ActiveCfg = Release|Any CPU
		{49185C8C-C8E5-4321-0653-475B67E0D41D}.Release|Any CPU.Build.0 = Release|Any CPU
		{BDC004EB-5E1C-65D7-86AB-9A5B110ED242}.Debug|Any CPU.ActiveCfg = Debug|Any CPU
		{BDC004EB-5E1C-65D7-86AB-9A5B110ED242}.Debug|Any CPU.Build.0 = Debug|Any CPU
		{BDC004EB-5E1C-65D7-86AB-9A5B110ED242}.Release|Any CPU.ActiveCfg = Release|Any CPU
		{BDC004EB-5E1C-65D7-86AB-9A5B110ED242}.Release|Any CPU.Build.0 = Release|Any CPU
		{8A6EE22E-EF19-C97C-3CAF-70D201546435}.Debug|Any CPU.ActiveCfg = Debug|Any CPU
		{8A6EE22E-EF19-C97C-3CAF-70D201546435}.Debug|Any CPU.Build.0 = Debug|Any CPU
		{8A6EE22E-EF19-C97C-3CAF-70D201546435}.Release|Any CPU.ActiveCfg = Release|Any CPU
		{8A6EE22E-EF19-C97C-3CAF-70D201546435}.Release|Any CPU.Build.0 = Release|Any CPU
		{9403A0ED-BED8-852D-056F-49CE3B4C14C8}.Debug|Any CPU.ActiveCfg = Debug|Any CPU
		{9403A0ED-BED8-852D-056F-49CE3B4C14C8}.Debug|Any CPU.Build.0 = Debug|Any CPU
		{9403A0ED-BED8-852D-056F-49CE3B4C14C8}.Release|Any CPU.ActiveCfg = Release|Any CPU
		{9403A0ED-BED8-852D-056F-49CE3B4C14C8}.Release|Any CPU.Build.0 = Release|Any CPU
		{145F7FAA-0E17-EDEA-2C52-C8477AFD7410}.Debug|Any CPU.ActiveCfg = Debug|Any CPU
		{145F7FAA-0E17-EDEA-2C52-C8477AFD7410}.Debug|Any CPU.Build.0 = Debug|Any CPU
		{145F7FAA-0E17-EDEA-2C52-C8477AFD7410}.Release|Any CPU.ActiveCfg = Release|Any CPU
		{145F7FAA-0E17-EDEA-2C52-C8477AFD7410}.Release|Any CPU.Build.0 = Release|Any CPU
		{E190F12F-E9CE-50F9-4FB2-6A4BC58A3372}.Debug|Any CPU.ActiveCfg = Debug|Any CPU
		{E190F12F-E9CE-50F9-4FB2-6A4BC58A3372}.Debug|Any CPU.Build.0 = Debug|Any CPU
		{E190F12F-E9CE-50F9-4FB2-6A4BC58A3372}.Release|Any CPU.ActiveCfg = Release|Any CPU
		{E190F12F-E9CE-50F9-4FB2-6A4BC58A3372}.Release|Any CPU.Build.0 = Release|Any CPU
	EndGlobalSection
	GlobalSection(SolutionProperties) = preSolution
		HideSolutionNode = FALSE
	EndGlobalSection
EndGlobal
